# THIS IS AN AUTOGENERATED FILE. DO NOT EDIT THIS FILE DIRECTLY.
# yarn lockfile v1


"@napi-rs/cli@^2.15.2":
  version "2.15.2"
  resolved "https://registry.yarnpkg.com/@napi-rs/cli/-/cli-2.15.2.tgz#33547b25fcc1bc0dd52d1c7409694b3f62c01c16"
  integrity sha512-80tBCtCnEhAmFtB9oPM0FL74uW7fAmtpeqjvERH7Q1z/aZzCAs/iNfE7U3ehpwg9Q07Ob2Eh/+1guyCdX/p24w==
